{
  "name": "@lerna-usage/package",
  "version": "0.0.0",
  "lockfileVersion": 2,
  "requires": true,
  "packages": {
    "": {
      "name": "@lerna-usage/package",
      "version": "0.0.0",
      "license": "ISC",
      "dependencies": {
        "@lerna-usage/utils": "file:../../utils/utils"
      }
    },
    "../../utils/utils": {
      "version": "0.0.0",
      "license": "ISC"
    },
    "node_modules/@lerna-usage/utils": {
      "resolved": "../../utils/utils",
      "link": true
    }
  },
  "dependencies": {
    "@lerna-usage/utils": {
      "version": "file:../../utils/utils"
    }
  }
}
