{
  "name": "@tiangongkit/package",
  "version": "0.0.0",
  "lockfileVersion": 2,
  "requires": true,
  "packages": {
    "": {
      "name": "@tiangongkit/package",
      "version": "0.0.0",
      "license": "ISC",
      "dependencies": {
        "@tiangongkit/utils": "file:../../utils/utils"
      }
    },
    "../../utils/utils": {
      "name": "@tiangongkit/utils",
      "version": "0.0.0",
      "license": "ISC"
    },
    "node_modules/@tiangongkit/utils": {
      "resolved": "../../utils/utils",
      "link": true
    }
  },
  "dependencies": {
    "@tiangongkit/utils": {
      "version": "file:../../utils/utils"
    }
  }
}
