{
  "name": "@lerna-usage/init",
  "version": "0.0.0",
  "lockfileVersion": 2,
  "requires": true,
  "packages": {
    "": {
      "name": "@lerna-usage/init",
      "version": "0.0.0",
      "license": "ISC",
      "dependencies": {
        "@lerna-usage/log": "file:../../utils/log"
      }
    },
    "../../utils/log": {
      "version": "0.0.0",
      "license": "ISC",
      "dependencies": {
        "npmlog": "^4.1.2"
      },
      "devDependencies": {
        "@types/npmlog": "^4.1.2"
      }
    },
    "node_modules/@lerna-usage/log": {
      "resolved": "../../utils/log",
      "link": true
    }
  },
  "dependencies": {
    "@lerna-usage/log": {
      "version": "file:../../utils/log",
      "requires": {
        "@types/npmlog": "^4.1.2",
        "npmlog": "^4.1.2"
      }
    }
  }
}
