{
  "name": "@tiangongkit/init",
  "version": "0.0.0",
  "lockfileVersion": 2,
  "requires": true,
  "packages": {
    "": {
      "name": "@tiangongkit/init",
      "version": "0.0.0",
      "license": "ISC",
      "dependencies": {
        "@tiangongkit/command": "file:../../models/command",
        "@tiangongkit/log": "file:../../utils/log"
      }
    },
    "../../models/command": {
      "name": "@tiangongkit/command",
      "version": "1.0.0",
      "license": "ISC",
      "dependencies": {
        "@tiangongkit/log": "file:../../utils/log"
      }
    },
    "../../utils/log": {
      "name": "@tiangongkit/log",
      "version": "0.0.0",
      "license": "ISC",
      "dependencies": {
        "npmlog": "^4.1.2"
      },
      "devDependencies": {
        "@types/npmlog": "^4.1.2"
      }
    },
    "node_modules/@tiangongkit/command": {
      "resolved": "../../models/command",
      "link": true
    },
    "node_modules/@tiangongkit/log": {
      "resolved": "../../utils/log",
      "link": true
    }
  },
  "dependencies": {
    "@tiangongkit/command": {
      "version": "file:../../models/command",
      "requires": {
        "@tiangongkit/log": "file:../../utils/log"
      }
    },
    "@tiangongkit/log": {
      "version": "file:../../utils/log",
      "requires": {
        "@types/npmlog": "^4.1.2",
        "npmlog": "^4.1.2"
      }
    }
  }
}
