{
  "name": "@lerna-usage/get-npm-info",
  "version": "0.0.0",
  "lockfileVersion": 2,
  "requires": true,
  "packages": {
    "": {
      "name": "@lerna-usage/get-npm-info",
      "version": "0.0.0",
      "license": "ISC",
      "dependencies": {
        "axios": "^0.21.1",
        "url-join": "^4.0.1"
      },
      "devDependencies": {
        "@types/axios": "^0.14.0",
        "@types/url-join": "^4.0.0"
      }
    },
    "node_modules/@types/axios": {
      "version": "0.14.0",
      "resolved": "https://registry.npm.taobao.org/@types/axios/download/@types/axios-0.14.0.tgz",
      "integrity": "sha1-7CMA++fX3d1+udOr+HmZlkyvzkY=",
      "deprecated": "This is a stub types definition for axios (https://github.com/mzabriskie/axios). axios provides its own type definitions, so you don't need @types/axios installed!",
      "dev": true,
      "dependencies": {
        "axios": "*"
      }
    },
    "node_modules/@types/url-join": {
      "version": "4.0.0",
      "resolved": "https://registry.npm.taobao.org/@types/url-join/download/@types/url-join-4.0.0.tgz",
      "integrity": "sha1-cu/3FkikKcfUrPlOA3gOBmcTab0=",
      "dev": true
    },
    "node_modules/axios": {
      "version": "0.21.1",
      "resolved": "https://registry.npm.taobao.org/axios/download/axios-0.21.1.tgz?cache=0&sync_timestamp=1608609324963&other_urls=https%3A%2F%2Fregistry.npm.taobao.org%2Faxios%2Fdownload%2Faxios-0.21.1.tgz",
      "integrity": "sha1-IlY0gZYvTWvemnbVFu8OXTwJsrg=",
      "dependencies": {
        "follow-redirects": "^1.10.0"
      }
    },
    "node_modules/follow-redirects": {
      "version": "1.13.3",
      "resolved": "https://registry.npm.taobao.org/follow-redirects/download/follow-redirects-1.13.3.tgz",
      "integrity": "sha1-5VmK1QF0wbxOhyMB6CrCzZf5Amc=",
      "engines": {
        "node": ">=4.0"
      }
    },
    "node_modules/url-join": {
      "version": "4.0.1",
      "resolved": "https://registry.npm.taobao.org/url-join/download/url-join-4.0.1.tgz",
      "integrity": "sha1-tkLiGiZGgI/6F4xMX9o5hE4Szec="
    }
  },
  "dependencies": {
    "@types/axios": {
      "version": "0.14.0",
      "resolved": "https://registry.npm.taobao.org/@types/axios/download/@types/axios-0.14.0.tgz",
      "integrity": "sha1-7CMA++fX3d1+udOr+HmZlkyvzkY=",
      "dev": true,
      "requires": {
        "axios": "*"
      }
    },
    "@types/url-join": {
      "version": "4.0.0",
      "resolved": "https://registry.npm.taobao.org/@types/url-join/download/@types/url-join-4.0.0.tgz",
      "integrity": "sha1-cu/3FkikKcfUrPlOA3gOBmcTab0=",
      "dev": true
    },
    "axios": {
      "version": "0.21.1",
      "resolved": "https://registry.npm.taobao.org/axios/download/axios-0.21.1.tgz?cache=0&sync_timestamp=1608609324963&other_urls=https%3A%2F%2Fregistry.npm.taobao.org%2Faxios%2Fdownload%2Faxios-0.21.1.tgz",
      "integrity": "sha1-IlY0gZYvTWvemnbVFu8OXTwJsrg=",
      "requires": {
        "follow-redirects": "^1.10.0"
      }
    },
    "follow-redirects": {
      "version": "1.13.3",
      "resolved": "https://registry.npm.taobao.org/follow-redirects/download/follow-redirects-1.13.3.tgz",
      "integrity": "sha1-5VmK1QF0wbxOhyMB6CrCzZf5Amc="
    },
    "url-join": {
      "version": "4.0.1",
      "resolved": "https://registry.npm.taobao.org/url-join/download/url-join-4.0.1.tgz",
      "integrity": "sha1-tkLiGiZGgI/6F4xMX9o5hE4Szec="
    }
  }
}
