{
    "name": "@tiangongkit/get-npm-info",
    "version": "0.0.3",
    "lockfileVersion": 2,
    "requires": true,
    "packages": {
        "": {
            "name": "@tiangongkit/get-npm-info",
            "version": "0.0.0",
            "license": "ISC",
            "dependencies": {
                "axios": "^0.21.1",
                "url-join": "^4.0.1"
            },
            "devDependencies": {
                "@types/axios": "^0.14.0",
                "@types/semver": "^7.3.4",
                "@types/url-join": "^4.0.0",
                "semver": "^7.3.4"
            }
        },
        "node_modules/@types/axios": {
            "version": "0.14.0",
            "resolved": "https://registry.npm.taobao.org/@types/axios/download/@types/axios-0.14.0.tgz",
            "integrity": "sha1-7CMA++fX3d1+udOr+HmZlkyvzkY=",
            "dev": true,
            "dependencies": {
                "axios": "*"
            }
        },
        "node_modules/@types/semver": {
            "version": "7.3.4",
            "resolved": "https://registry.npm.taobao.org/@types/semver/download/@types/semver-7.3.4.tgz?cache=0&sync_timestamp=1613384597875&other_urls=https%3A%2F%2Fregistry.npm.taobao.org%2F%40types%2Fsemver%2Fdownload%2F%40types%2Fsemver-7.3.4.tgz",
            "integrity": "sha1-Q9cWj+xvoJiLsaUTppeykpZyGvs=",
            "dev": true
        },
        "node_modules/@types/url-join": {
            "version": "4.0.0",
            "resolved": "https://registry.npm.taobao.org/@types/url-join/download/@types/url-join-4.0.0.tgz",
            "integrity": "sha1-cu/3FkikKcfUrPlOA3gOBmcTab0=",
            "dev": true
        },
        "node_modules/axios": {
            "version": "0.21.1",
            "resolved": "https://registry.npm.taobao.org/axios/download/axios-0.21.1.tgz?cache=0&sync_timestamp=1608609324963&other_urls=https%3A%2F%2Fregistry.npm.taobao.org%2Faxios%2Fdownload%2Faxios-0.21.1.tgz",
            "integrity": "sha1-IlY0gZYvTWvemnbVFu8OXTwJsrg=",
            "dependencies": {
                "follow-redirects": "^1.10.0"
            }
        },
        "node_modules/follow-redirects": {
            "version": "1.13.3",
            "resolved": "https://registry.npm.taobao.org/follow-redirects/download/follow-redirects-1.13.3.tgz",
            "integrity": "sha1-5VmK1QF0wbxOhyMB6CrCzZf5Amc=",
            "engines": {
                "node": ">=4.0"
            }
        },
        "node_modules/lru-cache": {
            "version": "6.0.0",
            "resolved": "https://registry.npm.taobao.org/lru-cache/download/lru-cache-6.0.0.tgz?cache=0&sync_timestamp=1594427569171&other_urls=https%3A%2F%2Fregistry.npm.taobao.org%2Flru-cache%2Fdownload%2Flru-cache-6.0.0.tgz",
            "integrity": "sha1-bW/mVw69lqr5D8rR2vo7JWbbOpQ=",
            "dev": true,
            "dependencies": {
                "yallist": "^4.0.0"
            },
            "engines": {
                "node": ">=10"
            }
        },
        "node_modules/semver": {
            "version": "7.3.4",
            "resolved": "https://registry.npm.taobao.org/semver/download/semver-7.3.4.tgz?cache=0&sync_timestamp=1606853731020&other_urls=https%3A%2F%2Fregistry.npm.taobao.org%2Fsemver%2Fdownload%2Fsemver-7.3.4.tgz",
            "integrity": "sha1-J6qn0uTKdkUvmNOt0JOnLJQ+3Jc=",
            "dev": true,
            "dependencies": {
                "lru-cache": "^6.0.0"
            },
            "bin": {
                "semver": "bin/semver.js"
            },
            "engines": {
                "node": ">=10"
            }
        },
        "node_modules/url-join": {
            "version": "4.0.1",
            "resolved": "https://registry.npm.taobao.org/url-join/download/url-join-4.0.1.tgz",
            "integrity": "sha1-tkLiGiZGgI/6F4xMX9o5hE4Szec="
        },
        "node_modules/yallist": {
            "version": "4.0.0",
            "resolved": "https://registry.npm.taobao.org/yallist/download/yallist-4.0.0.tgz",
            "integrity": "sha1-m7knkNnA7/7GO+c1GeEaNQGaOnI=",
            "dev": true
        }
    },
    "dependencies": {
        "@types/axios": {
            "version": "0.14.0",
            "resolved": "https://registry.npm.taobao.org/@types/axios/download/@types/axios-0.14.0.tgz",
            "integrity": "sha1-7CMA++fX3d1+udOr+HmZlkyvzkY=",
            "dev": true,
            "requires": {
                "axios": "*"
            }
        },
        "@types/semver": {
            "version": "7.3.4",
            "resolved": "https://registry.npm.taobao.org/@types/semver/download/@types/semver-7.3.4.tgz?cache=0&sync_timestamp=1613384597875&other_urls=https%3A%2F%2Fregistry.npm.taobao.org%2F%40types%2Fsemver%2Fdownload%2F%40types%2Fsemver-7.3.4.tgz",
            "integrity": "sha1-Q9cWj+xvoJiLsaUTppeykpZyGvs=",
            "dev": true
        },
        "@types/url-join": {
            "version": "4.0.0",
            "resolved": "https://registry.npm.taobao.org/@types/url-join/download/@types/url-join-4.0.0.tgz",
            "integrity": "sha1-cu/3FkikKcfUrPlOA3gOBmcTab0=",
            "dev": true
        },
        "axios": {
            "version": "0.21.1",
            "resolved": "https://registry.npm.taobao.org/axios/download/axios-0.21.1.tgz?cache=0&sync_timestamp=1608609324963&other_urls=https%3A%2F%2Fregistry.npm.taobao.org%2Faxios%2Fdownload%2Faxios-0.21.1.tgz",
            "integrity": "sha1-IlY0gZYvTWvemnbVFu8OXTwJsrg=",
            "requires": {
                "follow-redirects": "^1.10.0"
            }
        },
        "follow-redirects": {
            "version": "1.13.3",
            "resolved": "https://registry.npm.taobao.org/follow-redirects/download/follow-redirects-1.13.3.tgz",
            "integrity": "sha1-5VmK1QF0wbxOhyMB6CrCzZf5Amc="
        },
        "lru-cache": {
            "version": "6.0.0",
            "resolved": "https://registry.npm.taobao.org/lru-cache/download/lru-cache-6.0.0.tgz?cache=0&sync_timestamp=1594427569171&other_urls=https%3A%2F%2Fregistry.npm.taobao.org%2Flru-cache%2Fdownload%2Flru-cache-6.0.0.tgz",
            "integrity": "sha1-bW/mVw69lqr5D8rR2vo7JWbbOpQ=",
            "dev": true,
            "requires": {
                "yallist": "^4.0.0"
            }
        },
        "semver": {
            "version": "7.3.4",
            "resolved": "https://registry.npm.taobao.org/semver/download/semver-7.3.4.tgz?cache=0&sync_timestamp=1606853731020&other_urls=https%3A%2F%2Fregistry.npm.taobao.org%2Fsemver%2Fdownload%2Fsemver-7.3.4.tgz",
            "integrity": "sha1-J6qn0uTKdkUvmNOt0JOnLJQ+3Jc=",
            "dev": true,
            "requires": {
                "lru-cache": "^6.0.0"
            }
        },
        "url-join": {
            "version": "4.0.1",
            "resolved": "https://registry.npm.taobao.org/url-join/download/url-join-4.0.1.tgz",
            "integrity": "sha1-tkLiGiZGgI/6F4xMX9o5hE4Szec="
        },
        "yallist": {
            "version": "4.0.0",
            "resolved": "https://registry.npm.taobao.org/yallist/download/yallist-4.0.0.tgz",
            "integrity": "sha1-m7knkNnA7/7GO+c1GeEaNQGaOnI=",
            "dev": true
        }
    }
}
