{
  "name": "@tiangongkit/exec",
  "version": "0.0.4",
  "lockfileVersion": 2,
  "requires": true,
  "packages": {
    "": {
      "name": "@tiangongkit/exec",
      "version": "0.0.0",
      "license": "ISC",
      "dependencies": {
        "@tiangongkit/log": "file:../../utils/log",
        "@tiangongkit/package": "file:../../models/package"
      }
    },
    "../../models/package": {
      "name": "@tiangongkit/package",
      "version": "0.0.0",
      "license": "ISC",
      "dependencies": {
        "@tiangongkit/format-path": "file:../../utils/format-path",
        "@tiangongkit/get-npm-info": "file:../../utils/get-npm-info",
        "@tiangongkit/log": "file:../../utils/log",
        "@tiangongkit/utils": "file:../../utils/utils",
        "fs-extra": "^7.0.1",
        "npminstall": "^4.10.0",
        "path-exists": "^5.0.0",
        "pkg-dir": "^5.0.0"
      }
    },
    "../../utils/log": {
      "name": "@tiangongkit/log",
      "version": "0.0.0",
      "license": "ISC",
      "dependencies": {
        "npmlog": "^4.1.2"
      },
      "devDependencies": {
        "@types/npmlog": "^4.1.2"
      }
    },
    "node_modules/@tiangongkit/log": {
      "resolved": "../../utils/log",
      "link": true
    },
    "node_modules/@tiangongkit/package": {
      "resolved": "../../models/package",
      "link": true
    }
  },
  "dependencies": {
    "@tiangongkit/log": {
      "version": "file:../../utils/log",
      "requires": {
        "@types/npmlog": "^4.1.2",
        "npmlog": "^4.1.2"
      }
    },
    "@tiangongkit/package": {
      "version": "file:../../models/package",
      "requires": {
        "@tiangongkit/format-path": "file:../../utils/format-path",
        "@tiangongkit/get-npm-info": "file:../../utils/get-npm-info",
        "@tiangongkit/log": "file:../../utils/log",
        "@tiangongkit/utils": "file:../../utils/utils",
        "fs-extra": "^7.0.1",
        "npminstall": "^4.10.0",
        "path-exists": "^5.0.0",
        "pkg-dir": "^5.0.0"
      }
    }
  }
}
