{
  "name": "@lerna-usage/exec",
  "version": "0.0.0",
  "lockfileVersion": 2,
  "requires": true,
  "packages": {
    "": {
      "name": "@lerna-usage/exec",
      "version": "0.0.0",
      "license": "ISC",
      "dependencies": {
        "@lerna-usage/package": "file:../../models/package"
      }
    },
    "../../models/package": {
      "version": "0.0.0",
      "license": "ISC"
    },
    "node_modules/@lerna-usage/package": {
      "resolved": "../../models/package",
      "link": true
    }
  },
  "dependencies": {
    "@lerna-usage/package": {
      "version": "file:../../models/package"
    }
  }
}
